
Microsoft Visual Studio Solution File, Format Version 12.00
# Visual Studio Version 17
VisualStudioVersion = 17.1.32328.378
MinimumVisualStudioVersion = 10.0.40219.1
Project("{FAE04EC0-301F-11D3-BF4B-00C04F79EFBC}") = "DictionaryProject", "DictionaryProject\DictionaryProject.csproj", "{DE040182-F37C-45BD-B360-D947FB4FF6F8}"
EndProject
Global
	GlobalSection(SolutionConfigurationPlatforms) = preSolution
		Debug|Any CPU = Debug|Any CPU
		Release|Any CPU = Release|Any CPU
	EndGlobalSection
	GlobalSection(ProjectConfigurationPlatforms) = postSolution
		{DE040182-F37C-45BD-B360-D947FB4FF6F8}.Debug|Any CPU.ActiveCfg = Debug|Any CPU
		{DE040182-F37C-45BD-B360-D947FB4FF6F8}.Debug|Any CPU.Build.0 = Debug|Any CPU
		{DE040182-F37C-45BD-B360-D947FB4FF6F8}.Release|Any CPU.ActiveCfg = Release|Any CPU
		{DE040182-F37C-45BD-B360-D947FB4FF6F8}.Release|Any CPU.Build.0 = Release|Any CPU
	EndGlobalSection
	GlobalSection(SolutionProperties) = preSolution
		HideSolutionNode = FALSE
	EndGlobalSection
	GlobalSection(ExtensibilityGlobals) = postSolution
		SolutionGuid = {3EB85B45-8E10-4467-93EB-8C69A555EBC3}
	EndGlobalSection
EndGlobal
